
Microsoft Visual Studio Solution File, Format Version 12.00
# Visual Studio Version 16
VisualStudioVersion = 16.0.31205.134
MinimumVisualStudioVersion = 10.0.40219.1
Project("{FAE04EC0-301F-11D3-BF4B-00C04F79EFBC}") = "ConsoleApp", "ConsoleApp\ConsoleApp.csproj", "{E8C7480F-067E-4FBA-8247-69BBC447448C}"
EndProject
Project("{FAE04EC0-301F-11D3-BF4B-00C04F79EFBC}") = "Library", "Library\Library.csproj", "{C47C4CD1-48ED-44C5-8308-DC27FF5257E2}"
EndProject
Project("{FAE04EC0-301F-11D3-BF4B-00C04F79EFBC}") = "Specification", "Specification\Specification.csproj", "{EBA16E76-BF52-4F34-B369-F4096AAAF0E9}"
EndProject
Global
	GlobalSection(SolutionConfigurationPlatforms) = preSolution
		Debug|Any CPU = Debug|Any CPU
		Release|Any CPU = Release|Any CPU
	EndGlobalSection
	GlobalSection(ProjectConfigurationPlatforms) = postSolution
		{E8C7480F-067E-4FBA-8247-69BBC447448C}.Debug|Any CPU.ActiveCfg = Debug|Any CPU
		{E8C7480F-067E-4FBA-8247-69BBC447448C}.Debug|Any CPU.Build.0 = Debug|Any CPU
		{E8C7480F-067E-4FBA-8247-69BBC447448C}.Release|Any CPU.ActiveCfg = Release|Any CPU
		{E8C7480F-067E-4FBA-8247-69BBC447448C}.Release|Any CPU.Build.0 = Release|Any CPU
		{C47C4CD1-48ED-44C5-8308-DC27FF5257E2}.Debug|Any CPU.ActiveCfg = Debug|Any CPU
		{C47C4CD1-48ED-44C5-8308-DC27FF5257E2}.Debug|Any CPU.Build.0 = Debug|Any CPU
		{C47C4CD1-48ED-44C5-8308-DC27FF5257E2}.Release|Any CPU.ActiveCfg = Release|Any CPU
		{C47C4CD1-48ED-44C5-8308-DC27FF5257E2}.Release|Any CPU.Build.0 = Release|Any CPU
		{EBA16E76-BF52-4F34-B369-F4096AAAF0E9}.Debug|Any CPU.ActiveCfg = Debug|Any CPU
		{EBA16E76-BF52-4F34-B369-F4096AAAF0E9}.Debug|Any CPU.Build.0 = Debug|Any CPU
		{EBA16E76-BF52-4F34-B369-F4096AAAF0E9}.Release|Any CPU.ActiveCfg = Release|Any CPU
		{EBA16E76-BF52-4F34-B369-F4096AAAF0E9}.Release|Any CPU.Build.0 = Release|Any CPU
	EndGlobalSection
	GlobalSection(SolutionProperties) = preSolution
		HideSolutionNode = FALSE
	EndGlobalSection
	GlobalSection(ExtensibilityGlobals) = postSolution
		SolutionGuid = {3ECCBFE3-6CF0-4045-85DE-14025FF72A80}
	EndGlobalSection
EndGlobal
