
Microsoft Visual Studio Solution File, Format Version 12.00
# Visual Studio Version 17
VisualStudioVersion = 17.1.32328.378
MinimumVisualStudioVersion = 10.0.40219.1
Project("{FAE04EC0-301F-11D3-BF4B-00C04F79EFBC}") = "Library", "CodingGames\Library\Library.csproj", "{5485FECD-90D0-40E9-9DE0-E987DBC7354B}"
EndProject
Project("{FAE04EC0-301F-11D3-BF4B-00C04F79EFBC}") = "Specification", "CodingGames\Specification\Specification.csproj", "{E0312F88-58C0-47F2-A4F9-F844090663D4}"
EndProject
Project("{9A19103F-16F7-4668-BE54-9A1E7A4F7556}") = "ConsoleApp", "CodingGames\ConsoleApp\ConsoleApp.csproj", "{CAC375DA-C9A5-4B84-83BB-06016484D9D7}"
EndProject
Project("{2150E333-8FDC-42A3-9474-1A3956D46DE8}") = "Solution Items", "Solution Items", "{A869E1A7-948A-458B-95CD-56636B0777F7}"
	ProjectSection(SolutionItems) = preProject
		.editorconfig = .editorconfig
	EndProjectSection
EndProject
Global
	GlobalSection(SolutionConfigurationPlatforms) = preSolution
		Debug|Any CPU = Debug|Any CPU
		Release|Any CPU = Release|Any CPU
	EndGlobalSection
	GlobalSection(ProjectConfigurationPlatforms) = postSolution
		{5485FECD-90D0-40E9-9DE0-E987DBC7354B}.Debug|Any CPU.ActiveCfg = Debug|Any CPU
		{5485FECD-90D0-40E9-9DE0-E987DBC7354B}.Debug|Any CPU.Build.0 = Debug|Any CPU
		{5485FECD-90D0-40E9-9DE0-E987DBC7354B}.Release|Any CPU.ActiveCfg = Release|Any CPU
		{5485FECD-90D0-40E9-9DE0-E987DBC7354B}.Release|Any CPU.Build.0 = Release|Any CPU
		{E0312F88-58C0-47F2-A4F9-F844090663D4}.Debug|Any CPU.ActiveCfg = Debug|Any CPU
		{E0312F88-58C0-47F2-A4F9-F844090663D4}.Debug|Any CPU.Build.0 = Debug|Any CPU
		{E0312F88-58C0-47F2-A4F9-F844090663D4}.Release|Any CPU.ActiveCfg = Release|Any CPU
		{E0312F88-58C0-47F2-A4F9-F844090663D4}.Release|Any CPU.Build.0 = Release|Any CPU
		{CAC375DA-C9A5-4B84-83BB-06016484D9D7}.Debug|Any CPU.ActiveCfg = Debug|Any CPU
		{CAC375DA-C9A5-4B84-83BB-06016484D9D7}.Debug|Any CPU.Build.0 = Debug|Any CPU
		{CAC375DA-C9A5-4B84-83BB-06016484D9D7}.Release|Any CPU.ActiveCfg = Release|Any CPU
		{CAC375DA-C9A5-4B84-83BB-06016484D9D7}.Release|Any CPU.Build.0 = Release|Any CPU
	EndGlobalSection
	GlobalSection(SolutionProperties) = preSolution
		HideSolutionNode = FALSE
	EndGlobalSection
	GlobalSection(ExtensibilityGlobals) = postSolution
		SolutionGuid = {298DD7E0-77FA-4BF0-8444-8E19F4ECA933}
	EndGlobalSection
EndGlobal
