
Microsoft Visual Studio Solution File, Format Version 12.00
# Visual Studio Version 16
VisualStudioVersion = 16.0.31205.134
MinimumVisualStudioVersion = 10.0.40219.1
Project("{9A19103F-16F7-4668-BE54-9A1E7A4F7556}") = "Library", "LeanFeatureFlag\Library\Library.csproj", "{E0F1CD72-4766-4E15-94A1-473630C8CB4C}"
EndProject
Project("{9A19103F-16F7-4668-BE54-9A1E7A4F7556}") = "Specification", "LeanFeatureFlag\Specification\Specification.csproj", "{13B1F220-3F71-4F88-9FDB-E9CCB67F237E}"
EndProject
Global
	GlobalSection(SolutionConfigurationPlatforms) = preSolution
		Debug|Any CPU = Debug|Any CPU
		Release|Any CPU = Release|Any CPU
	EndGlobalSection
	GlobalSection(ProjectConfigurationPlatforms) = postSolution
		{E0F1CD72-4766-4E15-94A1-473630C8CB4C}.Debug|Any CPU.ActiveCfg = Debug|Any CPU
		{E0F1CD72-4766-4E15-94A1-473630C8CB4C}.Debug|Any CPU.Build.0 = Debug|Any CPU
		{E0F1CD72-4766-4E15-94A1-473630C8CB4C}.Release|Any CPU.ActiveCfg = Release|Any CPU
		{E0F1CD72-4766-4E15-94A1-473630C8CB4C}.Release|Any CPU.Build.0 = Release|Any CPU
		{13B1F220-3F71-4F88-9FDB-E9CCB67F237E}.Debug|Any CPU.ActiveCfg = Debug|Any CPU
		{13B1F220-3F71-4F88-9FDB-E9CCB67F237E}.Debug|Any CPU.Build.0 = Debug|Any CPU
		{13B1F220-3F71-4F88-9FDB-E9CCB67F237E}.Release|Any CPU.ActiveCfg = Release|Any CPU
		{13B1F220-3F71-4F88-9FDB-E9CCB67F237E}.Release|Any CPU.Build.0 = Release|Any CPU
	EndGlobalSection
	GlobalSection(SolutionProperties) = preSolution
		HideSolutionNode = FALSE
	EndGlobalSection
	GlobalSection(ExtensibilityGlobals) = postSolution
		SolutionGuid = {9416BE9A-41F1-4B02-8849-ED3AB677BF41}
	EndGlobalSection
EndGlobal
